
Microsoft Visual Studio Solution File, Format Version 12.00
# Visual Studio Version 17
VisualStudioVersion = 17.3.32929.385
MinimumVisualStudioVersion = 10.0.40219.1
Project("{FAE04EC0-301F-11D3-BF4B-00C04F79EFBC}") = "WebApplication1", "WebApplication1\WebApplication1.csproj", "{3C630951-B1BD-4857-A643-3F2B176473E7}"
EndProject
Project("{FAE04EC0-301F-11D3-BF4B-00C04F79EFBC}") = "siniflarim", "siniflarim\siniflarim.csproj", "{EEA863CA-3F70-405C-9993-E31BCC1EC330}"
EndProject
Global
	GlobalSection(SolutionConfigurationPlatforms) = preSolution
		Debug|Any CPU = Debug|Any CPU
		Release|Any CPU = Release|Any CPU
	EndGlobalSection
	GlobalSection(ProjectConfigurationPlatforms) = postSolution
		{3C630951-B1BD-4857-A643-3F2B176473E7}.Debug|Any CPU.ActiveCfg = Debug|Any CPU
		{3C630951-B1BD-4857-A643-3F2B176473E7}.Debug|Any CPU.Build.0 = Debug|Any CPU
		{3C630951-B1BD-4857-A643-3F2B176473E7}.Release|Any CPU.ActiveCfg = Release|Any CPU
		{3C630951-B1BD-4857-A643-3F2B176473E7}.Release|Any CPU.Build.0 = Release|Any CPU
		{EEA863CA-3F70-405C-9993-E31BCC1EC330}.Debug|Any CPU.ActiveCfg = Debug|Any CPU
		{EEA863CA-3F70-405C-9993-E31BCC1EC330}.Debug|Any CPU.Build.0 = Debug|Any CPU
		{EEA863CA-3F70-405C-9993-E31BCC1EC330}.Release|Any CPU.ActiveCfg = Release|Any CPU
		{EEA863CA-3F70-405C-9993-E31BCC1EC330}.Release|Any CPU.Build.0 = Release|Any CPU
	EndGlobalSection
	GlobalSection(SolutionProperties) = preSolution
		HideSolutionNode = FALSE
	EndGlobalSection
	GlobalSection(ExtensibilityGlobals) = postSolution
		SolutionGuid = {0C3906CC-B9F3-46A2-8D7C-61D9D76AC2F2}
	EndGlobalSection
EndGlobal
